Microsoft Visual Studio Solution File, Format Version 11.00
# Visual Studio 2008

Project("{F1D719B9-A950-E573-1677-59BAF44D31D6}") = "TestProject", "Assembly-CSharp-firstpass.csproj", "{055FB646-A6E6-CA58-5F61-7C45A8B19076}"
EndProject
Project("{F1D719B9-A950-E573-1677-59BAF44D31D6}") = "TestProject", "Assembly-CSharp.csproj", "{4CE07701-134F-9DD0-F36C-F385BB4D61DF}"
EndProject
Project("{F1D719B9-A950-E573-1677-59BAF44D31D6}") = "TestProject", "Assembly-UnityScript-firstpass.unityproj", "{2D10A5D2-8AC4-E4FD-52D9-5185742EF57E}"
EndProject
Project("{F1D719B9-A950-E573-1677-59BAF44D31D6}") = "TestProject", "Assembly-UnityScript.unityproj", "{0D48ECEF-8D23-819E-4778-EEBD3857A179}"
EndProject
Global
	GlobalSection(SolutionConfigurationPlatforms) = preSolution
		Debug|Any CPU = Debug|Any CPU
		Release|Any CPU = Release|Any CPU
	EndGlobalSection
	GlobalSection(ProjectConfigurationPlatforms) = postSolution
		{055FB646-A6E6-CA58-5F61-7C45A8B19076}.Debug|Any CPU.ActiveCfg = Debug|Any CPU
		{055FB646-A6E6-CA58-5F61-7C45A8B19076}.Debug|Any CPU.Build.0 = Debug|Any CPU
		{055FB646-A6E6-CA58-5F61-7C45A8B19076}.Release|Any CPU.ActiveCfg = Release|Any CPU
		{055FB646-A6E6-CA58-5F61-7C45A8B19076}.Release|Any CPU.Build.0 = Release|Any CPU
		{4CE07701-134F-9DD0-F36C-F385BB4D61DF}.Debug|Any CPU.ActiveCfg = Debug|Any CPU
		{4CE07701-134F-9DD0-F36C-F385BB4D61DF}.Debug|Any CPU.Build.0 = Debug|Any CPU
		{4CE07701-134F-9DD0-F36C-F385BB4D61DF}.Release|Any CPU.ActiveCfg = Release|Any CPU
		{4CE07701-134F-9DD0-F36C-F385BB4D61DF}.Release|Any CPU.Build.0 = Release|Any CPU
		{2D10A5D2-8AC4-E4FD-52D9-5185742EF57E}.Debug|Any CPU.ActiveCfg = Debug|Any CPU
		{2D10A5D2-8AC4-E4FD-52D9-5185742EF57E}.Debug|Any CPU.Build.0 = Debug|Any CPU
		{2D10A5D2-8AC4-E4FD-52D9-5185742EF57E}.Release|Any CPU.ActiveCfg = Release|Any CPU
		{2D10A5D2-8AC4-E4FD-52D9-5185742EF57E}.Release|Any CPU.Build.0 = Release|Any CPU
		{0D48ECEF-8D23-819E-4778-EEBD3857A179}.Debug|Any CPU.ActiveCfg = Debug|Any CPU
		{0D48ECEF-8D23-819E-4778-EEBD3857A179}.Debug|Any CPU.Build.0 = Debug|Any CPU
		{0D48ECEF-8D23-819E-4778-EEBD3857A179}.Release|Any CPU.ActiveCfg = Release|Any CPU
		{0D48ECEF-8D23-819E-4778-EEBD3857A179}.Release|Any CPU.Build.0 = Release|Any CPU
	EndGlobalSection
	GlobalSection(SolutionProperties) = preSolution
		HideSolutionNode = FALSE
	EndGlobalSection
																								GlobalSection(MonoDevelopProperties) = preSolution
		StartupItem = Assembly-CSharp.csproj
		Policies = $0
		$0.TextStylePolicy = $1
		$1.inheritsSet = null
		$1.scope = text/x-csharp
		$0.CSharpFormattingPolicy = $2
		$2.inheritsSet = Mono
		$2.inheritsScope = text/x-csharp
		$2.scope = text/x-csharp
		$0.TextStylePolicy = $3
		$3.FileWidth = 120
		$3.TabWidth = 4
		$3.EolMarker = Unix
		$3.inheritsSet = Mono
		$3.inheritsScope = text/plain
		$3.scope = text/plain
	EndGlobalSection

EndGlobal
